
Microsoft Visual Studio Solution File, Format Version 12.00
# Visual Studio Version 17
VisualStudioVersion = 17.9.34607.119
MinimumVisualStudioVersion = 10.0.40219.1
Project("{9A19103F-16F7-4668-BE54-9A1E7A4F7556}") = "Winston_ERP_SystemVersion1", "Winston_ERP_SystemVersion1\Winston_ERP_SystemVersion1.csproj", "{07EFD643-2C5B-4809-B53A-600440A53FDF}"
EndProject
Global
	GlobalSection(SolutionConfigurationPlatforms) = preSolution
		Debug|Any CPU = Debug|Any CPU
		Release|Any CPU = Release|Any CPU
	EndGlobalSection
	GlobalSection(ProjectConfigurationPlatforms) = postSolution
		{07EFD643-2C5B-4809-B53A-600440A53FDF}.Debug|Any CPU.ActiveCfg = Debug|Any CPU
		{07EFD643-2C5B-4809-B53A-600440A53FDF}.Debug|Any CPU.Build.0 = Debug|Any CPU
		{07EFD643-2C5B-4809-B53A-600440A53FDF}.Release|Any CPU.ActiveCfg = Release|Any CPU
		{07EFD643-2C5B-4809-B53A-600440A53FDF}.Release|Any CPU.Build.0 = Release|Any CPU
	EndGlobalSection
	GlobalSection(SolutionProperties) = preSolution
		HideSolutionNode = FALSE
	EndGlobalSection
	GlobalSection(ExtensibilityGlobals) = postSolution
		SolutionGuid = {B1D8D3E6-3408-4EDB-BC0A-85B14CC91B06}
	EndGlobalSection
EndGlobal
